
Microsoft Visual Studio Solution File, Format Version 12.00
# Visual Studio Version 16
VisualStudioVersion = 16.0.31729.503
MinimumVisualStudioVersion = 10.0.40219.1
Project("{FAE04EC0-301F-11D3-BF4B-00C04F79EFBC}") = "TT-Dashboard-Microservice", "TT-Dashboard-Microservice\TT-Dashboard-Microservice.csproj", "{C2947C6F-6E59-4FCC-8C39-0AA36CD8D46E}"
EndProject
Global
	GlobalSection(SolutionConfigurationPlatforms) = preSolution
		Debug|Any CPU = Debug|Any CPU
		Release|Any CPU = Release|Any CPU
	EndGlobalSection
	GlobalSection(ProjectConfigurationPlatforms) = postSolution
		{C2947C6F-6E59-4FCC-8C39-0AA36CD8D46E}.Debug|Any CPU.ActiveCfg = Debug|Any CPU
		{C2947C6F-6E59-4FCC-8C39-0AA36CD8D46E}.Debug|Any CPU.Build.0 = Debug|Any CPU
		{C2947C6F-6E59-4FCC-8C39-0AA36CD8D46E}.Release|Any CPU.ActiveCfg = Release|Any CPU
		{C2947C6F-6E59-4FCC-8C39-0AA36CD8D46E}.Release|Any CPU.Build.0 = Release|Any CPU
	EndGlobalSection
	GlobalSection(SolutionProperties) = preSolution
		HideSolutionNode = FALSE
	EndGlobalSection
	GlobalSection(ExtensibilityGlobals) = postSolution
		SolutionGuid = {EFD39E66-E2E0-43E0-A0D6-895A8D2A7DAA}
	EndGlobalSection
EndGlobal
